
Microsoft Visual Studio Solution File, Format Version 12.00
# Visual Studio Version 16
VisualStudioVersion = 16.0.31129.286
MinimumVisualStudioVersion = 10.0.40219.1
Project("{FAE04EC0-301F-11D3-BF4B-00C04F79EFBC}") = "NetCoreAngular", "NetCoreAngular.csproj", "{7904EDA4-208F-4FE3-AE5E-9A9403644765}"
EndProject
Global
	GlobalSection(SolutionConfigurationPlatforms) = preSolution
		Debug|Any CPU = Debug|Any CPU
		Release|Any CPU = Release|Any CPU
	EndGlobalSection
	GlobalSection(ProjectConfigurationPlatforms) = postSolution
		{7904EDA4-208F-4FE3-AE5E-9A9403644765}.Debug|Any CPU.ActiveCfg = Debug|Any CPU
		{7904EDA4-208F-4FE3-AE5E-9A9403644765}.Debug|Any CPU.Build.0 = Debug|Any CPU
		{7904EDA4-208F-4FE3-AE5E-9A9403644765}.Release|Any CPU.ActiveCfg = Release|Any CPU
		{7904EDA4-208F-4FE3-AE5E-9A9403644765}.Release|Any CPU.Build.0 = Release|Any CPU
	EndGlobalSection
	GlobalSection(SolutionProperties) = preSolution
		HideSolutionNode = FALSE
	EndGlobalSection
	GlobalSection(ExtensibilityGlobals) = postSolution
		SolutionGuid = {3FC2954F-A362-4CC1-8BC4-7445626A3FA6}
	EndGlobalSection
EndGlobal
